
Microsoft Visual Studio Solution File, Format Version 12.00
# Visual Studio 2013
VisualStudioVersion = 12.0.21005.1
MinimumVisualStudioVersion = 10.0.40219.1
Project("{2150E333-8FDC-42A3-9474-1A3956D46DE8}") = "2 - Testes", "2 - Testes", "{7D2289C1-1318-482D-BCDE-495A485D70DE}"
EndProject
Project("{2150E333-8FDC-42A3-9474-1A3956D46DE8}") = "2.1 - TDD", "2.1 - TDD", "{5AFCC057-1A50-4B18-93C8-C83F2EA7C255}"
EndProject
Project("{2150E333-8FDC-42A3-9474-1A3956D46DE8}") = "0 - Entidades", "0 - Entidades", "{C18FC334-4D97-4D51-BFAC-3339FDE3F044}"
EndProject
Project("{FAE04EC0-301F-11D3-BF4B-00C04F79EFBC}") = "MVCAngularJS.Entidade", "MVCAngularJS.Entidade\MVCAngularJS.Entidade.csproj", "{8796E1A4-73B8-46EB-A457-62E74BAF045B}"
EndProject
Project("{2150E333-8FDC-42A3-9474-1A3956D46DE8}") = "2.2.1 - Infraestrutura", "2.2.1 - Infraestrutura", "{2BF1DAA0-35E3-47B3-88AA-A8353CDECDA3}"
EndProject
Project("{FAE04EC0-301F-11D3-BF4B-00C04F79EFBC}") = "Teste.MVCAngularJS.Infraestrutura", "Testes.MVCAngularJS.Infraestrutura\Teste.MVCAngularJS.Infraestrutura.csproj", "{80D38DD9-55B0-4A0E-9AD9-812E86642AFC}"
EndProject
Project("{2150E333-8FDC-42A3-9474-1A3956D46DE8}") = "1 - Sistema", "1 - Sistema", "{6EA05299-BF7C-4FD1-85AE-0BD38741A3B3}"
EndProject
Project("{2150E333-8FDC-42A3-9474-1A3956D46DE8}") = "1.1 - Apresentacao", "1.1 - Apresentacao", "{9C7D0AE6-3DB4-4E2B-9D1D-F53C19082A5A}"
EndProject
Project("{2150E333-8FDC-42A3-9474-1A3956D46DE8}") = "1.2 - Aplicacao", "1.2 - Aplicacao", "{61CEB9C0-DA98-4D33-A3E4-31F2C1FC762D}"
EndProject
Project("{2150E333-8FDC-42A3-9474-1A3956D46DE8}") = "1.3 - Dominio", "1.3 - Dominio", "{84B0C218-AC70-4427-BB11-B7B6FD89951A}"
EndProject
Project("{2150E333-8FDC-42A3-9474-1A3956D46DE8}") = "1.4 - Infraestrutura", "1.4 - Infraestrutura", "{F933EFF4-E3E9-466D-95D2-2DA62DE8ED42}"
EndProject
Project("{FAE04EC0-301F-11D3-BF4B-00C04F79EFBC}") = "MVCAngularJS.Dominio", "MVCAngularJS.Dominio\MVCAngularJS.Dominio.csproj", "{9445397F-E406-4B2B-9D84-90B98048A475}"
EndProject
Project("{FAE04EC0-301F-11D3-BF4B-00C04F79EFBC}") = "MVCAngularJS.Infraestrutura", "MVCAngularJS.Infraestrutura\MVCAngularJS.Infraestrutura.csproj", "{AE8798C7-B069-4067-98C9-0A82923B576D}"
EndProject
Project("{FAE04EC0-301F-11D3-BF4B-00C04F79EFBC}") = "MVCAngularJS.Aplicacao", "MVCAngularJS.Aplicacao\MVCAngularJS.Aplicacao.csproj", "{FCCA6A07-1E3D-42D8-A9A3-5940AC0E302E}"
EndProject
Project("{2150E333-8FDC-42A3-9474-1A3956D46DE8}") = "2.2.2 - Aplicacao", "2.2.2 - Aplicacao", "{1EBA1F59-5920-45C8-AA56-E24AFF5C69AD}"
EndProject
Project("{FAE04EC0-301F-11D3-BF4B-00C04F79EFBC}") = "Teste.MVCAngularJS.Aplicacao", "Teste.MVCAngularJS.Aplicacao\Teste.MVCAngularJS.Aplicacao.csproj", "{1D1CC256-A410-4F81-87C9-6711E4C53D0E}"
EndProject
Project("{2150E333-8FDC-42A3-9474-1A3956D46DE8}") = "3 - Diagramas", "3 - Diagramas", "{EA2A68A6-A0AB-4ADF-8579-D8E5F71AE284}"
	ProjectSection(SolutionItems) = preProject
		Diagrama de Dependências de Implementação da Solução.dgml = Diagrama de Dependências de Implementação da Solução.dgml
	EndProjectSection
EndProject
Project("{2150E333-8FDC-42A3-9474-1A3956D46DE8}") = "1.1.1 - MVC", "1.1.1 - MVC", "{B4304A95-B44E-44B4-8657-C772B34A22D3}"
EndProject
Project("{FAE04EC0-301F-11D3-BF4B-00C04F79EFBC}") = "MVCAngularJS.Web.Mvc", "MVCAngularJS.Web.Mvc\MVCAngularJS.Web.Mvc.csproj", "{89E60418-8C02-49CC-94AC-7CBBE93ECF6D}"
EndProject
Global
	GlobalSection(SolutionConfigurationPlatforms) = preSolution
		Debug|Any CPU = Debug|Any CPU
		Release|Any CPU = Release|Any CPU
	EndGlobalSection
	GlobalSection(ProjectConfigurationPlatforms) = postSolution
		{8796E1A4-73B8-46EB-A457-62E74BAF045B}.Debug|Any CPU.ActiveCfg = Debug|Any CPU
		{8796E1A4-73B8-46EB-A457-62E74BAF045B}.Debug|Any CPU.Build.0 = Debug|Any CPU
		{8796E1A4-73B8-46EB-A457-62E74BAF045B}.Release|Any CPU.ActiveCfg = Release|Any CPU
		{8796E1A4-73B8-46EB-A457-62E74BAF045B}.Release|Any CPU.Build.0 = Release|Any CPU
		{80D38DD9-55B0-4A0E-9AD9-812E86642AFC}.Debug|Any CPU.ActiveCfg = Debug|Any CPU
		{80D38DD9-55B0-4A0E-9AD9-812E86642AFC}.Debug|Any CPU.Build.0 = Debug|Any CPU
		{80D38DD9-55B0-4A0E-9AD9-812E86642AFC}.Release|Any CPU.ActiveCfg = Release|Any CPU
		{80D38DD9-55B0-4A0E-9AD9-812E86642AFC}.Release|Any CPU.Build.0 = Release|Any CPU
		{9445397F-E406-4B2B-9D84-90B98048A475}.Debug|Any CPU.ActiveCfg = Debug|Any CPU
		{9445397F-E406-4B2B-9D84-90B98048A475}.Debug|Any CPU.Build.0 = Debug|Any CPU
		{9445397F-E406-4B2B-9D84-90B98048A475}.Release|Any CPU.ActiveCfg = Release|Any CPU
		{9445397F-E406-4B2B-9D84-90B98048A475}.Release|Any CPU.Build.0 = Release|Any CPU
		{AE8798C7-B069-4067-98C9-0A82923B576D}.Debug|Any CPU.ActiveCfg = Debug|Any CPU
		{AE8798C7-B069-4067-98C9-0A82923B576D}.Debug|Any CPU.Build.0 = Debug|Any CPU
		{AE8798C7-B069-4067-98C9-0A82923B576D}.Release|Any CPU.ActiveCfg = Release|Any CPU
		{AE8798C7-B069-4067-98C9-0A82923B576D}.Release|Any CPU.Build.0 = Release|Any CPU
		{FCCA6A07-1E3D-42D8-A9A3-5940AC0E302E}.Debug|Any CPU.ActiveCfg = Debug|Any CPU
		{FCCA6A07-1E3D-42D8-A9A3-5940AC0E302E}.Debug|Any CPU.Build.0 = Debug|Any CPU
		{FCCA6A07-1E3D-42D8-A9A3-5940AC0E302E}.Release|Any CPU.ActiveCfg = Release|Any CPU
		{FCCA6A07-1E3D-42D8-A9A3-5940AC0E302E}.Release|Any CPU.Build.0 = Release|Any CPU
		{1D1CC256-A410-4F81-87C9-6711E4C53D0E}.Debug|Any CPU.ActiveCfg = Debug|Any CPU
		{1D1CC256-A410-4F81-87C9-6711E4C53D0E}.Debug|Any CPU.Build.0 = Debug|Any CPU
		{1D1CC256-A410-4F81-87C9-6711E4C53D0E}.Release|Any CPU.ActiveCfg = Release|Any CPU
		{1D1CC256-A410-4F81-87C9-6711E4C53D0E}.Release|Any CPU.Build.0 = Release|Any CPU
		{89E60418-8C02-49CC-94AC-7CBBE93ECF6D}.Debug|Any CPU.ActiveCfg = Debug|Any CPU
		{89E60418-8C02-49CC-94AC-7CBBE93ECF6D}.Debug|Any CPU.Build.0 = Debug|Any CPU
		{89E60418-8C02-49CC-94AC-7CBBE93ECF6D}.Release|Any CPU.ActiveCfg = Release|Any CPU
		{89E60418-8C02-49CC-94AC-7CBBE93ECF6D}.Release|Any CPU.Build.0 = Release|Any CPU
	EndGlobalSection
	GlobalSection(SolutionProperties) = preSolution
		HideSolutionNode = FALSE
	EndGlobalSection
	GlobalSection(NestedProjects) = preSolution
		{5AFCC057-1A50-4B18-93C8-C83F2EA7C255} = {7D2289C1-1318-482D-BCDE-495A485D70DE}
		{2BF1DAA0-35E3-47B3-88AA-A8353CDECDA3} = {5AFCC057-1A50-4B18-93C8-C83F2EA7C255}
		{1EBA1F59-5920-45C8-AA56-E24AFF5C69AD} = {5AFCC057-1A50-4B18-93C8-C83F2EA7C255}
		{8796E1A4-73B8-46EB-A457-62E74BAF045B} = {C18FC334-4D97-4D51-BFAC-3339FDE3F044}
		{80D38DD9-55B0-4A0E-9AD9-812E86642AFC} = {2BF1DAA0-35E3-47B3-88AA-A8353CDECDA3}
		{9C7D0AE6-3DB4-4E2B-9D1D-F53C19082A5A} = {6EA05299-BF7C-4FD1-85AE-0BD38741A3B3}
		{61CEB9C0-DA98-4D33-A3E4-31F2C1FC762D} = {6EA05299-BF7C-4FD1-85AE-0BD38741A3B3}
		{84B0C218-AC70-4427-BB11-B7B6FD89951A} = {6EA05299-BF7C-4FD1-85AE-0BD38741A3B3}
		{F933EFF4-E3E9-466D-95D2-2DA62DE8ED42} = {6EA05299-BF7C-4FD1-85AE-0BD38741A3B3}
		{B4304A95-B44E-44B4-8657-C772B34A22D3} = {9C7D0AE6-3DB4-4E2B-9D1D-F53C19082A5A}
		{FCCA6A07-1E3D-42D8-A9A3-5940AC0E302E} = {61CEB9C0-DA98-4D33-A3E4-31F2C1FC762D}
		{9445397F-E406-4B2B-9D84-90B98048A475} = {84B0C218-AC70-4427-BB11-B7B6FD89951A}
		{AE8798C7-B069-4067-98C9-0A82923B576D} = {F933EFF4-E3E9-466D-95D2-2DA62DE8ED42}
		{1D1CC256-A410-4F81-87C9-6711E4C53D0E} = {1EBA1F59-5920-45C8-AA56-E24AFF5C69AD}
		{89E60418-8C02-49CC-94AC-7CBBE93ECF6D} = {B4304A95-B44E-44B4-8657-C772B34A22D3}
	EndGlobalSection
EndGlobal
