
Microsoft Visual Studio Solution File, Format Version 12.00
# Visual Studio 2013
VisualStudioVersion = 12.0.21005.1
MinimumVisualStudioVersion = 10.0.40219.1
Project("{2150E333-8FDC-42A3-9474-1A3956D46DE8}") = "1 - Sistema", "1 - Sistema", "{66B00460-B15D-492F-ACA1-D4F336BF300C}"
EndProject
Project("{2150E333-8FDC-42A3-9474-1A3956D46DE8}") = "1.1 - Apresentacao", "1.1 - Apresentacao", "{47171802-B523-4F09-9684-7978DEED3E9F}"
EndProject
Project("{2150E333-8FDC-42A3-9474-1A3956D46DE8}") = "1.2 - Aplicacao", "1.2 - Aplicacao", "{F9E3DABA-59C2-4A91-B25D-9A7475B34472}"
EndProject
Project("{2150E333-8FDC-42A3-9474-1A3956D46DE8}") = "1.3 - Dominio", "1.3 - Dominio", "{24920E23-D2A6-4004-979C-953D4CAB3062}"
EndProject
Project("{2150E333-8FDC-42A3-9474-1A3956D46DE8}") = "1.4 - Infraestrutura", "1.4 - Infraestrutura", "{C66CFCA8-2133-440D-8D1E-B0AFCC93B0AA}"
EndProject
Project("{FAE04EC0-301F-11D3-BF4B-00C04F79EFBC}") = "Dominio", "Dominio\Dominio.csproj", "{988EAE79-D97C-4FC3-B7A3-7158F6EC34E8}"
	ProjectSection(ProjectDependencies) = postProject
		{A3A7BFD1-8E38-422E-AFCB-968D9D9CE533} = {A3A7BFD1-8E38-422E-AFCB-968D9D9CE533}
		{A45AB5D7-ACDA-4B72-A869-D69075105BF7} = {A45AB5D7-ACDA-4B72-A869-D69075105BF7}
	EndProjectSection
EndProject
Project("{FAE04EC0-301F-11D3-BF4B-00C04F79EFBC}") = "Infraestrutura", "Infraestrutura\Infraestrutura.csproj", "{A3A7BFD1-8E38-422E-AFCB-968D9D9CE533}"
EndProject
Project("{FAE04EC0-301F-11D3-BF4B-00C04F79EFBC}") = "Aplicacao", "Aplicacao\Aplicacao.csproj", "{A45AB5D7-ACDA-4B72-A869-D69075105BF7}"
	ProjectSection(ProjectDependencies) = postProject
		{A3A7BFD1-8E38-422E-AFCB-968D9D9CE533} = {A3A7BFD1-8E38-422E-AFCB-968D9D9CE533}
	EndProjectSection
EndProject
Project("{FAE04EC0-301F-11D3-BF4B-00C04F79EFBC}") = "Apresentacao.Web.Mvc", "Apresentacao.Web.Mvc\Apresentacao.Web.Mvc.csproj", "{5F736A3F-C27D-4EA9-8ABA-384E986983F0}"
	ProjectSection(ProjectDependencies) = postProject
		{988EAE79-D97C-4FC3-B7A3-7158F6EC34E8} = {988EAE79-D97C-4FC3-B7A3-7158F6EC34E8}
		{A3A7BFD1-8E38-422E-AFCB-968D9D9CE533} = {A3A7BFD1-8E38-422E-AFCB-968D9D9CE533}
		{A45AB5D7-ACDA-4B72-A869-D69075105BF7} = {A45AB5D7-ACDA-4B72-A869-D69075105BF7}
	EndProjectSection
EndProject
Global
	GlobalSection(SolutionConfigurationPlatforms) = preSolution
		Debug|Any CPU = Debug|Any CPU
		Release|Any CPU = Release|Any CPU
	EndGlobalSection
	GlobalSection(ProjectConfigurationPlatforms) = postSolution
		{988EAE79-D97C-4FC3-B7A3-7158F6EC34E8}.Debug|Any CPU.ActiveCfg = Debug|Any CPU
		{988EAE79-D97C-4FC3-B7A3-7158F6EC34E8}.Debug|Any CPU.Build.0 = Debug|Any CPU
		{988EAE79-D97C-4FC3-B7A3-7158F6EC34E8}.Release|Any CPU.ActiveCfg = Release|Any CPU
		{988EAE79-D97C-4FC3-B7A3-7158F6EC34E8}.Release|Any CPU.Build.0 = Release|Any CPU
		{A3A7BFD1-8E38-422E-AFCB-968D9D9CE533}.Debug|Any CPU.ActiveCfg = Debug|Any CPU
		{A3A7BFD1-8E38-422E-AFCB-968D9D9CE533}.Debug|Any CPU.Build.0 = Debug|Any CPU
		{A3A7BFD1-8E38-422E-AFCB-968D9D9CE533}.Release|Any CPU.ActiveCfg = Release|Any CPU
		{A3A7BFD1-8E38-422E-AFCB-968D9D9CE533}.Release|Any CPU.Build.0 = Release|Any CPU
		{A45AB5D7-ACDA-4B72-A869-D69075105BF7}.Debug|Any CPU.ActiveCfg = Debug|Any CPU
		{A45AB5D7-ACDA-4B72-A869-D69075105BF7}.Debug|Any CPU.Build.0 = Debug|Any CPU
		{A45AB5D7-ACDA-4B72-A869-D69075105BF7}.Release|Any CPU.ActiveCfg = Release|Any CPU
		{A45AB5D7-ACDA-4B72-A869-D69075105BF7}.Release|Any CPU.Build.0 = Release|Any CPU
		{5F736A3F-C27D-4EA9-8ABA-384E986983F0}.Debug|Any CPU.ActiveCfg = Debug|Any CPU
		{5F736A3F-C27D-4EA9-8ABA-384E986983F0}.Debug|Any CPU.Build.0 = Debug|Any CPU
		{5F736A3F-C27D-4EA9-8ABA-384E986983F0}.Release|Any CPU.ActiveCfg = Release|Any CPU
		{5F736A3F-C27D-4EA9-8ABA-384E986983F0}.Release|Any CPU.Build.0 = Release|Any CPU
	EndGlobalSection
	GlobalSection(SolutionProperties) = preSolution
		HideSolutionNode = FALSE
	EndGlobalSection
	GlobalSection(NestedProjects) = preSolution
		{47171802-B523-4F09-9684-7978DEED3E9F} = {66B00460-B15D-492F-ACA1-D4F336BF300C}
		{F9E3DABA-59C2-4A91-B25D-9A7475B34472} = {66B00460-B15D-492F-ACA1-D4F336BF300C}
		{24920E23-D2A6-4004-979C-953D4CAB3062} = {66B00460-B15D-492F-ACA1-D4F336BF300C}
		{C66CFCA8-2133-440D-8D1E-B0AFCC93B0AA} = {66B00460-B15D-492F-ACA1-D4F336BF300C}
		{5F736A3F-C27D-4EA9-8ABA-384E986983F0} = {47171802-B523-4F09-9684-7978DEED3E9F}
		{A45AB5D7-ACDA-4B72-A869-D69075105BF7} = {F9E3DABA-59C2-4A91-B25D-9A7475B34472}
		{988EAE79-D97C-4FC3-B7A3-7158F6EC34E8} = {24920E23-D2A6-4004-979C-953D4CAB3062}
		{A3A7BFD1-8E38-422E-AFCB-968D9D9CE533} = {C66CFCA8-2133-440D-8D1E-B0AFCC93B0AA}
	EndGlobalSection
EndGlobal
