
Microsoft Visual Studio Solution File, Format Version 12.00
# Visual Studio 2013
VisualStudioVersion = 12.0.21005.1
MinimumVisualStudioVersion = 10.0.40219.1
Project("{2150E333-8FDC-42A3-9474-1A3956D46DE8}") = "2 - DDD", "2 - DDD", "{3024C0C0-60D1-4FDD-928A-2E506DA96978}"
EndProject
Project("{2150E333-8FDC-42A3-9474-1A3956D46DE8}") = "0 - UI", "0 - UI", "{9677CB79-1EBB-4DFD-B508-141109AF442E}"
EndProject
Project("{2150E333-8FDC-42A3-9474-1A3956D46DE8}") = "1 - API", "1 - API", "{A4632227-F11E-4CF0-B466-E6C43C5BAFC9}"
EndProject
Project("{FAE04EC0-301F-11D3-BF4B-00C04F79EFBC}") = "EmberApp", "EmberApp\EmberApp.csproj", "{5A2304EB-5D90-4F0D-A3AF-8F6FB0FDD522}"
EndProject
Project("{FAE04EC0-301F-11D3-BF4B-00C04F79EFBC}") = "WebAPI", "WebAPI\WebAPI.csproj", "{0190F053-DDC6-40F0-9AAF-3D49B8235A5C}"
EndProject
Project("{FAE04EC0-301F-11D3-BF4B-00C04F79EFBC}") = "Teste.WebAPI", "Teste.WebAPI\Teste.WebAPI.csproj", "{26270709-B693-44CF-97A0-3FFDF79D0A8E}"
EndProject
Project("{2150E333-8FDC-42A3-9474-1A3956D46DE8}") = "3 - Teste", "3 - Teste", "{41CEBA8C-4E5D-4BBA-B93D-08DE010BB53D}"
EndProject
Project("{2150E333-8FDC-42A3-9474-1A3956D46DE8}") = "2.1 - Aplicacao", "2.1 - Aplicacao", "{8FB514E3-D8C6-490E-BAD8-B1B923048904}"
EndProject
Project("{2150E333-8FDC-42A3-9474-1A3956D46DE8}") = "2.2 - Dominio", "2.2 - Dominio", "{E6602625-168C-46E6-ABB4-CDCC55EFA77C}"
EndProject
Project("{2150E333-8FDC-42A3-9474-1A3956D46DE8}") = "2.3 - Infraestrutura", "2.3 - Infraestrutura", "{6AF01026-E4BF-4BFD-A1BF-7F961A8974E9}"
EndProject
Project("{FAE04EC0-301F-11D3-BF4B-00C04F79EFBC}") = "Ddd.Aplicacao", "Ddd.Aplicacao\Ddd.Aplicacao.csproj", "{23C74011-DF73-499F-8F00-A4CC149A2590}"
EndProject
Project("{FAE04EC0-301F-11D3-BF4B-00C04F79EFBC}") = "Ddd.Dominio", "Ddd.Dominio\Ddd.Dominio.csproj", "{2056B860-2AAF-4461-9447-224562C6AC6C}"
EndProject
Project("{FAE04EC0-301F-11D3-BF4B-00C04F79EFBC}") = "Ddd.Infraestrutura", "Ddd.Infraestrutura\Ddd.Infraestrutura.csproj", "{8413F370-D831-4D4B-80AC-61A5C006E496}"
EndProject
Project("{2150E333-8FDC-42A3-9474-1A3956D46DE8}") = "3.1 - API", "3.1 - API", "{E10EB8A5-95E7-40FD-B82E-41E057623D6C}"
EndProject
Project("{2150E333-8FDC-42A3-9474-1A3956D46DE8}") = "3.2 - DDD", "3.2 - DDD", "{858BA1F2-57C6-4BCE-B3CA-00823B19278C}"
EndProject
Global
	GlobalSection(SolutionConfigurationPlatforms) = preSolution
		Debug|Any CPU = Debug|Any CPU
		Release|Any CPU = Release|Any CPU
	EndGlobalSection
	GlobalSection(ProjectConfigurationPlatforms) = postSolution
		{5A2304EB-5D90-4F0D-A3AF-8F6FB0FDD522}.Debug|Any CPU.ActiveCfg = Debug|Any CPU
		{5A2304EB-5D90-4F0D-A3AF-8F6FB0FDD522}.Debug|Any CPU.Build.0 = Debug|Any CPU
		{5A2304EB-5D90-4F0D-A3AF-8F6FB0FDD522}.Release|Any CPU.ActiveCfg = Release|Any CPU
		{5A2304EB-5D90-4F0D-A3AF-8F6FB0FDD522}.Release|Any CPU.Build.0 = Release|Any CPU
		{0190F053-DDC6-40F0-9AAF-3D49B8235A5C}.Debug|Any CPU.ActiveCfg = Debug|Any CPU
		{0190F053-DDC6-40F0-9AAF-3D49B8235A5C}.Debug|Any CPU.Build.0 = Debug|Any CPU
		{0190F053-DDC6-40F0-9AAF-3D49B8235A5C}.Release|Any CPU.ActiveCfg = Release|Any CPU
		{0190F053-DDC6-40F0-9AAF-3D49B8235A5C}.Release|Any CPU.Build.0 = Release|Any CPU
		{26270709-B693-44CF-97A0-3FFDF79D0A8E}.Debug|Any CPU.ActiveCfg = Debug|Any CPU
		{26270709-B693-44CF-97A0-3FFDF79D0A8E}.Debug|Any CPU.Build.0 = Debug|Any CPU
		{26270709-B693-44CF-97A0-3FFDF79D0A8E}.Release|Any CPU.ActiveCfg = Release|Any CPU
		{26270709-B693-44CF-97A0-3FFDF79D0A8E}.Release|Any CPU.Build.0 = Release|Any CPU
		{23C74011-DF73-499F-8F00-A4CC149A2590}.Debug|Any CPU.ActiveCfg = Debug|Any CPU
		{23C74011-DF73-499F-8F00-A4CC149A2590}.Debug|Any CPU.Build.0 = Debug|Any CPU
		{23C74011-DF73-499F-8F00-A4CC149A2590}.Release|Any CPU.ActiveCfg = Release|Any CPU
		{23C74011-DF73-499F-8F00-A4CC149A2590}.Release|Any CPU.Build.0 = Release|Any CPU
		{2056B860-2AAF-4461-9447-224562C6AC6C}.Debug|Any CPU.ActiveCfg = Debug|Any CPU
		{2056B860-2AAF-4461-9447-224562C6AC6C}.Debug|Any CPU.Build.0 = Debug|Any CPU
		{2056B860-2AAF-4461-9447-224562C6AC6C}.Release|Any CPU.ActiveCfg = Release|Any CPU
		{2056B860-2AAF-4461-9447-224562C6AC6C}.Release|Any CPU.Build.0 = Release|Any CPU
		{8413F370-D831-4D4B-80AC-61A5C006E496}.Debug|Any CPU.ActiveCfg = Debug|Any CPU
		{8413F370-D831-4D4B-80AC-61A5C006E496}.Debug|Any CPU.Build.0 = Debug|Any CPU
		{8413F370-D831-4D4B-80AC-61A5C006E496}.Release|Any CPU.ActiveCfg = Release|Any CPU
		{8413F370-D831-4D4B-80AC-61A5C006E496}.Release|Any CPU.Build.0 = Release|Any CPU
	EndGlobalSection
	GlobalSection(SolutionProperties) = preSolution
		HideSolutionNode = FALSE
	EndGlobalSection
	GlobalSection(NestedProjects) = preSolution
		{8FB514E3-D8C6-490E-BAD8-B1B923048904} = {3024C0C0-60D1-4FDD-928A-2E506DA96978}
		{E6602625-168C-46E6-ABB4-CDCC55EFA77C} = {3024C0C0-60D1-4FDD-928A-2E506DA96978}
		{6AF01026-E4BF-4BFD-A1BF-7F961A8974E9} = {3024C0C0-60D1-4FDD-928A-2E506DA96978}
		{5A2304EB-5D90-4F0D-A3AF-8F6FB0FDD522} = {9677CB79-1EBB-4DFD-B508-141109AF442E}
		{0190F053-DDC6-40F0-9AAF-3D49B8235A5C} = {A4632227-F11E-4CF0-B466-E6C43C5BAFC9}
		{E10EB8A5-95E7-40FD-B82E-41E057623D6C} = {41CEBA8C-4E5D-4BBA-B93D-08DE010BB53D}
		{858BA1F2-57C6-4BCE-B3CA-00823B19278C} = {41CEBA8C-4E5D-4BBA-B93D-08DE010BB53D}
		{23C74011-DF73-499F-8F00-A4CC149A2590} = {8FB514E3-D8C6-490E-BAD8-B1B923048904}
		{2056B860-2AAF-4461-9447-224562C6AC6C} = {E6602625-168C-46E6-ABB4-CDCC55EFA77C}
		{8413F370-D831-4D4B-80AC-61A5C006E496} = {6AF01026-E4BF-4BFD-A1BF-7F961A8974E9}
		{26270709-B693-44CF-97A0-3FFDF79D0A8E} = {E10EB8A5-95E7-40FD-B82E-41E057623D6C}
	EndGlobalSection
EndGlobal
