
Microsoft Visual Studio Solution File, Format Version 12.00
# Visual Studio 2013
VisualStudioVersion = 12.0.21005.1
MinimumVisualStudioVersion = 10.0.40219.1
Project("{FAE04EC0-301F-11D3-BF4B-00C04F79EFBC}") = "ArtigoUnity.Dominio", "ArtigoUnity.Dominio\ArtigoUnity.Dominio.csproj", "{0A1D29F6-A515-4328-B84C-921CF98CC208}"
EndProject
Project("{FAE04EC0-301F-11D3-BF4B-00C04F79EFBC}") = "ArtigoUnity.Aplicacao", "ArtigoUnity.Aplicacao\ArtigoUnity.Aplicacao.csproj", "{9C1CA012-243A-4503-9F8B-6689ED4E0598}"
EndProject
Project("{FAE04EC0-301F-11D3-BF4B-00C04F79EFBC}") = "ArtigoUnity.Infraestrutura", "ArtigoUnity.Infraestrutura\ArtigoUnity.Infraestrutura.csproj", "{2948902A-68ED-498B-91D7-2235C0892F5A}"
EndProject
Project("{FAE04EC0-301F-11D3-BF4B-00C04F79EFBC}") = "Teste.ArtigoUnity.Dominio", "Teste.ArtigoUnity.Dominio\Teste.ArtigoUnity.Dominio.csproj", "{26312C46-99B2-4FF1-AA60-D139E5FA6688}"
EndProject
Project("{FAE04EC0-301F-11D3-BF4B-00C04F79EFBC}") = "Teste.ArtigoUnity.Infraestrutura", "Teste.ArtigoUnity.Infraestrutura\Teste.ArtigoUnity.Infraestrutura.csproj", "{B057CE8E-0E7F-42D3-95DB-E6F4EEDF6C53}"
EndProject
Project("{FAE04EC0-301F-11D3-BF4B-00C04F79EFBC}") = "Teste.ArtigoUnity.Aplicacao", "Teste.ArtigoUnity.Aplicacao\Teste.ArtigoUnity.Aplicacao.csproj", "{C61DBBC9-C3A5-47C3-A477-A9200FAFC41F}"
EndProject
Global
	GlobalSection(SolutionConfigurationPlatforms) = preSolution
		Debug|Any CPU = Debug|Any CPU
		Release|Any CPU = Release|Any CPU
	EndGlobalSection
	GlobalSection(ProjectConfigurationPlatforms) = postSolution
		{0A1D29F6-A515-4328-B84C-921CF98CC208}.Debug|Any CPU.ActiveCfg = Debug|Any CPU
		{0A1D29F6-A515-4328-B84C-921CF98CC208}.Debug|Any CPU.Build.0 = Debug|Any CPU
		{0A1D29F6-A515-4328-B84C-921CF98CC208}.Release|Any CPU.ActiveCfg = Release|Any CPU
		{0A1D29F6-A515-4328-B84C-921CF98CC208}.Release|Any CPU.Build.0 = Release|Any CPU
		{9C1CA012-243A-4503-9F8B-6689ED4E0598}.Debug|Any CPU.ActiveCfg = Debug|Any CPU
		{9C1CA012-243A-4503-9F8B-6689ED4E0598}.Debug|Any CPU.Build.0 = Debug|Any CPU
		{9C1CA012-243A-4503-9F8B-6689ED4E0598}.Release|Any CPU.ActiveCfg = Release|Any CPU
		{9C1CA012-243A-4503-9F8B-6689ED4E0598}.Release|Any CPU.Build.0 = Release|Any CPU
		{2948902A-68ED-498B-91D7-2235C0892F5A}.Debug|Any CPU.ActiveCfg = Debug|Any CPU
		{2948902A-68ED-498B-91D7-2235C0892F5A}.Debug|Any CPU.Build.0 = Debug|Any CPU
		{2948902A-68ED-498B-91D7-2235C0892F5A}.Release|Any CPU.ActiveCfg = Release|Any CPU
		{2948902A-68ED-498B-91D7-2235C0892F5A}.Release|Any CPU.Build.0 = Release|Any CPU
		{26312C46-99B2-4FF1-AA60-D139E5FA6688}.Debug|Any CPU.ActiveCfg = Debug|Any CPU
		{26312C46-99B2-4FF1-AA60-D139E5FA6688}.Debug|Any CPU.Build.0 = Debug|Any CPU
		{26312C46-99B2-4FF1-AA60-D139E5FA6688}.Release|Any CPU.ActiveCfg = Release|Any CPU
		{26312C46-99B2-4FF1-AA60-D139E5FA6688}.Release|Any CPU.Build.0 = Release|Any CPU
		{B057CE8E-0E7F-42D3-95DB-E6F4EEDF6C53}.Debug|Any CPU.ActiveCfg = Debug|Any CPU
		{B057CE8E-0E7F-42D3-95DB-E6F4EEDF6C53}.Debug|Any CPU.Build.0 = Debug|Any CPU
		{B057CE8E-0E7F-42D3-95DB-E6F4EEDF6C53}.Release|Any CPU.ActiveCfg = Release|Any CPU
		{B057CE8E-0E7F-42D3-95DB-E6F4EEDF6C53}.Release|Any CPU.Build.0 = Release|Any CPU
		{C61DBBC9-C3A5-47C3-A477-A9200FAFC41F}.Debug|Any CPU.ActiveCfg = Debug|Any CPU
		{C61DBBC9-C3A5-47C3-A477-A9200FAFC41F}.Debug|Any CPU.Build.0 = Debug|Any CPU
		{C61DBBC9-C3A5-47C3-A477-A9200FAFC41F}.Release|Any CPU.ActiveCfg = Release|Any CPU
		{C61DBBC9-C3A5-47C3-A477-A9200FAFC41F}.Release|Any CPU.Build.0 = Release|Any CPU
	EndGlobalSection
	GlobalSection(SolutionProperties) = preSolution
		HideSolutionNode = FALSE
	EndGlobalSection
EndGlobal
